
Microsoft Visual Studio Solution File, Format Version 12.00
# Visual Studio 15
VisualStudioVersion = 15.0.27428.2015
MinimumVisualStudioVersion = 10.0.40219.1
Project("{FAE04EC0-301F-11D3-BF4B-00C04F79EFBC}") = "迷宫求解", "迷宫求解\迷宫求解.csproj", "{CA6A3BFF-8EF1-42EB-9BF7-38AA44BDAEFD}"
EndProject
Global
	GlobalSection(SolutionConfigurationPlatforms) = preSolution
		Debug|Any CPU = Debug|Any CPU
		Release|Any CPU = Release|Any CPU
	EndGlobalSection
	GlobalSection(ProjectConfigurationPlatforms) = postSolution
		{CA6A3BFF-8EF1-42EB-9BF7-38AA44BDAEFD}.Debug|Any CPU.ActiveCfg = Debug|Any CPU
		{CA6A3BFF-8EF1-42EB-9BF7-38AA44BDAEFD}.Debug|Any CPU.Build.0 = Debug|Any CPU
		{CA6A3BFF-8EF1-42EB-9BF7-38AA44BDAEFD}.Release|Any CPU.ActiveCfg = Release|Any CPU
		{CA6A3BFF-8EF1-42EB-9BF7-38AA44BDAEFD}.Release|Any CPU.Build.0 = Release|Any CPU
	EndGlobalSection
	GlobalSection(SolutionProperties) = preSolution
		HideSolutionNode = FALSE
	EndGlobalSection
	GlobalSection(ExtensibilityGlobals) = postSolution
		SolutionGuid = {2A17BC95-40BC-4181-AAE7-F3A5F0391426}
	EndGlobalSection
EndGlobal
